
Microsoft Visual Studio Solution File, Format Version 12.00
# Visual Studio Version 16
VisualStudioVersion = 16.0.29911.84
MinimumVisualStudioVersion = 10.0.40219.1
Project("{FAE04EC0-301F-11D3-BF4B-00C04F79EFBC}") = "PdfCat", "PdfCat\PdfCat.csproj", "{54845827-C657-4E1F-85B5-E54AAAA665E3}"
EndProject
Global
	GlobalSection(SolutionConfigurationPlatforms) = preSolution
		Debug|Any CPU = Debug|Any CPU
		Release|Any CPU = Release|Any CPU
	EndGlobalSection
	GlobalSection(ProjectConfigurationPlatforms) = postSolution
		{54845827-C657-4E1F-85B5-E54AAAA665E3}.Debug|Any CPU.ActiveCfg = Debug|Any CPU
		{54845827-C657-4E1F-85B5-E54AAAA665E3}.Debug|Any CPU.Build.0 = Debug|Any CPU
		{54845827-C657-4E1F-85B5-E54AAAA665E3}.Release|Any CPU.ActiveCfg = Release|Any CPU
		{54845827-C657-4E1F-85B5-E54AAAA665E3}.Release|Any CPU.Build.0 = Release|Any CPU
	EndGlobalSection
	GlobalSection(SolutionProperties) = preSolution
		HideSolutionNode = FALSE
	EndGlobalSection
	GlobalSection(ExtensibilityGlobals) = postSolution
		SolutionGuid = {510FC72C-857A-46B6-9030-CAF997F6D9FA}
	EndGlobalSection
EndGlobal
